// !$*UTF8*$!
{
	archiveVersion = 1;
	classes = {
	};
	objectVersion = 56;
	objects = {

/* Begin PBXBuildFile section */
		A8A921F92BC45DB4009AC208 /* AirbnbApp.swift in Sources */ = {isa = PBXBuildFile; fileRef = A8A921F82BC45DB4009AC208 /* AirbnbApp.swift */; };
		A8A921FB2BC45DB4009AC208 /* ContentView.swift in Sources */ = {isa = PBXBuildFile; fileRef = A8A921FA2BC45DB4009AC208 /* ContentView.swift */; };
		A8A921FD2BC45DB7009AC208 /* Assets.xcassets in Resources */ = {isa = PBXBuildFile; fileRef = A8A921FC2BC45DB7009AC208 /* Assets.xcassets */; };
		A8A922002BC45DB7009AC208 /* Preview Assets.xcassets in Resources */ = {isa = PBXBuildFile; fileRef = A8A921FF2BC45DB7009AC208 /* Preview Assets.xcassets */; };
		A8A922132BC45F9A009AC208 /* ExploreView.swift in Sources */ = {isa = PBXBuildFile; fileRef = A8A922122BC45F9A009AC208 /* ExploreView.swift */; };
		A8A922152BC46030009AC208 /* ListingItemView.swift in Sources */ = {isa = PBXBuildFile; fileRef = A8A922142BC46030009AC208 /* ListingItemView.swift */; };
		A8A922172BC46470009AC208 /* SearchAndFilterBar.swift in Sources */ = {isa = PBXBuildFile; fileRef = A8A922162BC46470009AC208 /* SearchAndFilterBar.swift */; };
		A8A922192BC467B2009AC208 /* ListingDetailView.swift in Sources */ = {isa = PBXBuildFile; fileRef = A8A922182BC467B2009AC208 /* ListingDetailView.swift */; };
		A8A9221C2BC46818009AC208 /* ListingImageCarouselView.swift in Sources */ = {isa = PBXBuildFile; fileRef = A8A9221B2BC46818009AC208 /* ListingImageCarouselView.swift */; };
		A8A9221E2BC47A67009AC208 /* DestinationSearchView.swift in Sources */ = {isa = PBXBuildFile; fileRef = A8A9221D2BC47A66009AC208 /* DestinationSearchView.swift */; };
		A8A922202BC499B2009AC208 /* ProfileVIew.swift in Sources */ = {isa = PBXBuildFile; fileRef = A8A9221F2BC499B2009AC208 /* ProfileVIew.swift */; };
		A8A922222BC49B32009AC208 /* ProfileOptionRowVIew.swift in Sources */ = {isa = PBXBuildFile; fileRef = A8A922212BC49B32009AC208 /* ProfileOptionRowVIew.swift */; };
		A8A922242BC49BEC009AC208 /* WishlistsView.swift in Sources */ = {isa = PBXBuildFile; fileRef = A8A922232BC49BEC009AC208 /* WishlistsView.swift */; };
		A8A922262BC49D56009AC208 /* MainTabView.swift in Sources */ = {isa = PBXBuildFile; fileRef = A8A922252BC49D56009AC208 /* MainTabView.swift */; };
		A8A9222A2BC49F41009AC208 /* Listing.swift in Sources */ = {isa = PBXBuildFile; fileRef = A8A922292BC49F41009AC208 /* Listing.swift */; };
		A8A9222C2BC4A1F8009AC208 /* DeveloperPreview.swift in Sources */ = {isa = PBXBuildFile; fileRef = A8A9222B2BC4A1F8009AC208 /* DeveloperPreview.swift */; };
		A8A922312BC4A415009AC208 /* ExploreViewModel.swift in Sources */ = {isa = PBXBuildFile; fileRef = A8A922302BC4A415009AC208 /* ExploreViewModel.swift */; };
		A8A922332BC4A44B009AC208 /* ExploreService.swift in Sources */ = {isa = PBXBuildFile; fileRef = A8A922322BC4A44B009AC208 /* ExploreService.swift */; };
		A8A922352BC4AA54009AC208 /* Regions.swift in Sources */ = {isa = PBXBuildFile; fileRef = A8A922342BC4AA54009AC208 /* Regions.swift */; };
/* End PBXBuildFile section */

/* Begin PBXFileReference section */
		A8A921F52BC45DB4009AC208 /* Airbnb.app */ = {isa = PBXFileReference; explicitFileType = wrapper.application; includeInIndex = 0; path = Airbnb.app; sourceTree = BUILT_PRODUCTS_DIR; };
		A8A921F82BC45DB4009AC208 /* AirbnbApp.swift */ = {isa = PBXFileReference; lastKnownFileType = sourcecode.swift; path = AirbnbApp.swift; sourceTree = "<group>"; };
		A8A921FA2BC45DB4009AC208 /* ContentView.swift */ = {isa = PBXFileReference; lastKnownFileType = sourcecode.swift; path = ContentView.swift; sourceTree = "<group>"; };
		A8A921FC2BC45DB7009AC208 /* Assets.xcassets */ = {isa = PBXFileReference; lastKnownFileType = folder.assetcatalog; path = Assets.xcassets; sourceTree = "<group>"; };
		A8A921FF2BC45DB7009AC208 /* Preview Assets.xcassets */ = {isa = PBXFileReference; lastKnownFileType = folder.assetcatalog; path = "Preview Assets.xcassets"; sourceTree = "<group>"; };
		A8A922122BC45F9A009AC208 /* ExploreView.swift */ = {isa = PBXFileReference; lastKnownFileType = sourcecode.swift; path = ExploreView.swift; sourceTree = "<group>"; };
		A8A922142BC46030009AC208 /* ListingItemView.swift */ = {isa = PBXFileReference; lastKnownFileType = sourcecode.swift; path = ListingItemView.swift; sourceTree = "<group>"; };
		A8A922162BC46470009AC208 /* SearchAndFilterBar.swift */ = {isa = PBXFileReference; lastKnownFileType = sourcecode.swift; path = SearchAndFilterBar.swift; sourceTree = "<group>"; };
		A8A922182BC467B2009AC208 /* ListingDetailView.swift */ = {isa = PBXFileReference; lastKnownFileType = sourcecode.swift; path = ListingDetailView.swift; sourceTree = "<group>"; };
		A8A9221B2BC46818009AC208 /* ListingImageCarouselView.swift */ = {isa = PBXFileReference; lastKnownFileType = sourcecode.swift; path = ListingImageCarouselView.swift; sourceTree = "<group>"; };
		A8A9221D2BC47A66009AC208 /* DestinationSearchView.swift */ = {isa = PBXFileReference; lastKnownFileType = sourcecode.swift; path = DestinationSearchView.swift; sourceTree = "<group>"; };
		A8A9221F2BC499B2009AC208 /* ProfileVIew.swift */ = {isa = PBXFileReference; lastKnownFileType = sourcecode.swift; path = ProfileVIew.swift; sourceTree = "<group>"; };
		A8A922212BC49B32009AC208 /* ProfileOptionRowVIew.swift */ = {isa = PBXFileReference; lastKnownFileType = sourcecode.swift; path = ProfileOptionRowVIew.swift; sourceTree = "<group>"; };
		A8A922232BC49BEC009AC208 /* WishlistsView.swift */ = {isa = PBXFileReference; lastKnownFileType = sourcecode.swift; path = WishlistsView.swift; sourceTree = "<group>"; };
		A8A922252BC49D56009AC208 /* MainTabView.swift */ = {isa = PBXFileReference; lastKnownFileType = sourcecode.swift; path = MainTabView.swift; sourceTree = "<group>"; };
		A8A922292BC49F41009AC208 /* Listing.swift */ = {isa = PBXFileReference; lastKnownFileType = sourcecode.swift; path = Listing.swift; sourceTree = "<group>"; };
		A8A9222B2BC4A1F8009AC208 /* DeveloperPreview.swift */ = {isa = PBXFileReference; lastKnownFileType = sourcecode.swift; path = DeveloperPreview.swift; sourceTree = "<group>"; };
		A8A922302BC4A415009AC208 /* ExploreViewModel.swift */ = {isa = PBXFileReference; lastKnownFileType = sourcecode.swift; path = ExploreViewModel.swift; sourceTree = "<group>"; };
		A8A922322BC4A44B009AC208 /* ExploreService.swift */ = {isa = PBXFileReference; lastKnownFileType = sourcecode.swift; path = ExploreService.swift; sourceTree = "<group>"; };
		A8A922342BC4AA54009AC208 /* Regions.swift */ = {isa = PBXFileReference; lastKnownFileType = sourcecode.swift; path = Regions.swift; sourceTree = "<group>"; };
/* End PBXFileReference section */

/* Begin PBXFrameworksBuildPhase section */
		A8A921F22BC45DB4009AC208 /* Frameworks */ = {
			isa = PBXFrameworksBuildPhase;
			buildActionMask = 2147483647;
			files = (
			);
			runOnlyForDeploymentPostprocessing = 0;
		};
/* End PBXFrameworksBuildPhase section */

/* Begin PBXGroup section */
		A8A921EC2BC45DB4009AC208 = {
			isa = PBXGroup;
			children = (
				A8A921F72BC45DB4009AC208 /* Airbnb */,
				A8A921F62BC45DB4009AC208 /* Products */,
			);
			sourceTree = "<group>";
		};
		A8A921F62BC45DB4009AC208 /* Products */ = {
			isa = PBXGroup;
			children = (
				A8A921F52BC45DB4009AC208 /* Airbnb.app */,
			);
			name = Products;
			sourceTree = "<group>";
		};
		A8A921F72BC45DB4009AC208 /* Airbnb */ = {
			isa = PBXGroup;
			children = (
				A8A922062BC45DFA009AC208 /* App */,
				A8A921FC2BC45DB7009AC208 /* Assets.xcassets */,
				A8A921FA2BC45DB4009AC208 /* ContentView.swift */,
				A8A922072BC45E05009AC208 /* Core */,
				A8A922082BC45E0E009AC208 /* Extensions */,
				A8A921FF2BC45DB7009AC208 /* Preview Assets.xcassets */,
				A8A921FE2BC45DB7009AC208 /* Preview Content */,
				A8A922092BC45E16009AC208 /* Utils */,
			);
			path = Airbnb;
			sourceTree = "<group>";
		};
		A8A921FE2BC45DB7009AC208 /* Preview Content */ = {
			isa = PBXGroup;
			children = (
			);
			path = "Preview Content";
			sourceTree = "<group>";
		};
		A8A922062BC45DFA009AC208 /* App */ = {
			isa = PBXGroup;
			children = (
				A8A921F82BC45DB4009AC208 /* AirbnbApp.swift */,
			);
			path = App;
			sourceTree = "<group>";
		};
		A8A922072BC45E05009AC208 /* Core */ = {
			isa = PBXGroup;
			children = (
				A8A9221A2BC46803009AC208 /* Components */,
				A8A9220A2BC45EE8009AC208 /* Explore */,
				A8A9220B2BC45EF3009AC208 /* Listings */,
				A8A9220C2BC45EF7009AC208 /* MapView */,
				A8A9220D2BC45F01009AC208 /* Profile */,
				A8A922102BC45F20009AC208 /* Root */,
				A8A9220F2BC45F15009AC208 /* TabBar */,
				A8A9220E2BC45F07009AC208 /* Wishlists */,
			);
			path = Core;
			sourceTree = "<group>";
		};
		A8A922082BC45E0E009AC208 /* Extensions */ = {
			isa = PBXGroup;
			children = (
				A8A9222B2BC4A1F8009AC208 /* DeveloperPreview.swift */,
				A8A922342BC4AA54009AC208 /* Regions.swift */,
			);
			path = Extensions;
			sourceTree = "<group>";
		};
		A8A922092BC45E16009AC208 /* Utils */ = {
			isa = PBXGroup;
			children = (
			);
			path = Utils;
			sourceTree = "<group>";
		};
		A8A9220A2BC45EE8009AC208 /* Explore */ = {
			isa = PBXGroup;
			children = (
				A8A9222F2BC4A3E6009AC208 /* Service */,
				A8A9222E2BC4A3E3009AC208 /* View */,
				A8A9222D2BC4A3DF009AC208 /* ViewModel */,
			);
			path = Explore;
			sourceTree = "<group>";
		};
		A8A9220B2BC45EF3009AC208 /* Listings */ = {
			isa = PBXGroup;
			children = (
				A8A922282BC49F28009AC208 /* View */,
				A8A922272BC49F21009AC208 /* Model */,
			);
			path = Listings;
			sourceTree = "<group>";
		};
		A8A9220C2BC45EF7009AC208 /* MapView */ = {
			isa = PBXGroup;
			children = (
			);
			path = MapView;
			sourceTree = "<group>";
		};
		A8A9220D2BC45F01009AC208 /* Profile */ = {
			isa = PBXGroup;
			children = (
				A8A9221F2BC499B2009AC208 /* ProfileVIew.swift */,
				A8A922212BC49B32009AC208 /* ProfileOptionRowVIew.swift */,
			);
			path = Profile;
			sourceTree = "<group>";
		};
		A8A9220E2BC45F07009AC208 /* Wishlists */ = {
			isa = PBXGroup;
			children = (
				A8A922232BC49BEC009AC208 /* WishlistsView.swift */,
			);
			path = Wishlists;
			sourceTree = "<group>";
		};
		A8A9220F2BC45F15009AC208 /* TabBar */ = {
			isa = PBXGroup;
			children = (
				A8A922252BC49D56009AC208 /* MainTabView.swift */,
			);
			path = TabBar;
			sourceTree = "<group>";
		};
		A8A922102BC45F20009AC208 /* Root */ = {
			isa = PBXGroup;
			children = (
			);
			path = Root;
			sourceTree = "<group>";
		};
		A8A9221A2BC46803009AC208 /* Components */ = {
			isa = PBXGroup;
			children = (
				A8A9221B2BC46818009AC208 /* ListingImageCarouselView.swift */,
			);
			path = Components;
			sourceTree = "<group>";
		};
		A8A922272BC49F21009AC208 /* Model */ = {
			isa = PBXGroup;
			children = (
				A8A922292BC49F41009AC208 /* Listing.swift */,
			);
			path = Model;
			sourceTree = "<group>";
		};
		A8A922282BC49F28009AC208 /* View */ = {
			isa = PBXGroup;
			children = (
				A8A922142BC46030009AC208 /* ListingItemView.swift */,
				A8A922182BC467B2009AC208 /* ListingDetailView.swift */,
			);
			path = View;
			sourceTree = "<group>";
		};
		A8A9222D2BC4A3DF009AC208 /* ViewModel */ = {
			isa = PBXGroup;
			children = (
				A8A922302BC4A415009AC208 /* ExploreViewModel.swift */,
			);
			path = ViewModel;
			sourceTree = "<group>";
		};
		A8A9222E2BC4A3E3009AC208 /* View */ = {
			isa = PBXGroup;
			children = (
				A8A922122BC45F9A009AC208 /* ExploreView.swift */,
				A8A922162BC46470009AC208 /* SearchAndFilterBar.swift */,
				A8A9221D2BC47A66009AC208 /* DestinationSearchView.swift */,
			);
			path = View;
			sourceTree = "<group>";
		};
		A8A9222F2BC4A3E6009AC208 /* Service */ = {
			isa = PBXGroup;
			children = (
				A8A922322BC4A44B009AC208 /* ExploreService.swift */,
			);
			path = Service;
			sourceTree = "<group>";
		};
/* End PBXGroup section */

/* Begin PBXNativeTarget section */
		A8A921F42BC45DB4009AC208 /* Airbnb */ = {
			isa = PBXNativeTarget;
			buildConfigurationList = A8A922032BC45DB7009AC208 /* Build configuration list for PBXNativeTarget "Airbnb" */;
			buildPhases = (
				A8A921F12BC45DB4009AC208 /* Sources */,
				A8A921F22BC45DB4009AC208 /* Frameworks */,
				A8A921F32BC45DB4009AC208 /* Resources */,
			);
			buildRules = (
			);
			dependencies = (
			);
			name = Airbnb;
			productName = Airbnb;
			productReference = A8A921F52BC45DB4009AC208 /* Airbnb.app */;
			productType = "com.apple.product-type.application";
		};
/* End PBXNativeTarget section */

/* Begin PBXProject section */
		A8A921ED2BC45DB4009AC208 /* Project object */ = {
			isa = PBXProject;
			attributes = {
				BuildIndependentTargetsInParallel = 1;
				LastSwiftUpdateCheck = 1530;
				LastUpgradeCheck = 1530;
				TargetAttributes = {
					A8A921F42BC45DB4009AC208 = {
						CreatedOnToolsVersion = 15.3;
					};
				};
			};
			buildConfigurationList = A8A921F02BC45DB4009AC208 /* Build configuration list for PBXProject "Airbnb" */;
			compatibilityVersion = "Xcode 14.0";
			developmentRegion = en;
			hasScannedForEncodings = 0;
			knownRegions = (
				en,
				Base,
			);
			mainGroup = A8A921EC2BC45DB4009AC208;
			productRefGroup = A8A921F62BC45DB4009AC208 /* Products */;
			projectDirPath = "";
			projectRoot = "";
			targets = (
				A8A921F42BC45DB4009AC208 /* Airbnb */,
			);
		};
/* End PBXProject section */

/* Begin PBXResourcesBuildPhase section */
		A8A921F32BC45DB4009AC208 /* Resources */ = {
			isa = PBXResourcesBuildPhase;
			buildActionMask = 2147483647;
			files = (
				A8A922002BC45DB7009AC208 /* Preview Assets.xcassets in Resources */,
				A8A921FD2BC45DB7009AC208 /* Assets.xcassets in Resources */,
			);
			runOnlyForDeploymentPostprocessing = 0;
		};
/* End PBXResourcesBuildPhase section */

/* Begin PBXSourcesBuildPhase section */
		A8A921F12BC45DB4009AC208 /* Sources */ = {
			isa = PBXSourcesBuildPhase;
			buildActionMask = 2147483647;
			files = (
				A8A9221C2BC46818009AC208 /* ListingImageCarouselView.swift in Sources */,
				A8A9221E2BC47A67009AC208 /* DestinationSearchView.swift in Sources */,
				A8A921FB2BC45DB4009AC208 /* ContentView.swift in Sources */,
				A8A922152BC46030009AC208 /* ListingItemView.swift in Sources */,
				A8A922132BC45F9A009AC208 /* ExploreView.swift in Sources */,
				A8A922202BC499B2009AC208 /* ProfileVIew.swift in Sources */,
				A8A922312BC4A415009AC208 /* ExploreViewModel.swift in Sources */,
				A8A922352BC4AA54009AC208 /* Regions.swift in Sources */,
				A8A922242BC49BEC009AC208 /* WishlistsView.swift in Sources */,
				A8A9222A2BC49F41009AC208 /* Listing.swift in Sources */,
				A8A922222BC49B32009AC208 /* ProfileOptionRowVIew.swift in Sources */,
				A8A921F92BC45DB4009AC208 /* AirbnbApp.swift in Sources */,
				A8A922192BC467B2009AC208 /* ListingDetailView.swift in Sources */,
				A8A922172BC46470009AC208 /* SearchAndFilterBar.swift in Sources */,
				A8A922262BC49D56009AC208 /* MainTabView.swift in Sources */,
				A8A9222C2BC4A1F8009AC208 /* DeveloperPreview.swift in Sources */,
				A8A922332BC4A44B009AC208 /* ExploreService.swift in Sources */,
			);
			runOnlyForDeploymentPostprocessing = 0;
		};
/* End PBXSourcesBuildPhase section */

/* Begin XCBuildConfiguration section */
		A8A922012BC45DB7009AC208 /* Debug */ = {
			isa = XCBuildConfiguration;
			buildSettings = {
				ALWAYS_SEARCH_USER_PATHS = NO;
				ASSETCATALOG_COMPILER_GENERATE_SWIFT_ASSET_SYMBOL_EXTENSIONS = YES;
				CLANG_ANALYZER_NONNULL = YES;
				CLANG_ANALYZER_NUMBER_OBJECT_CONVERSION = YES_AGGRESSIVE;
				CLANG_CXX_LANGUAGE_STANDARD = "gnu++20";
				CLANG_ENABLE_MODULES = YES;
				CLANG_ENABLE_OBJC_ARC = YES;
				CLANG_ENABLE_OBJC_WEAK = YES;
				CLANG_WARN_BLOCK_CAPTURE_AUTORELEASING = YES;
				CLANG_WARN_BOOL_CONVERSION = YES;
				CLANG_WARN_COMMA = YES;
				CLANG_WARN_CONSTANT_CONVERSION = YES;
				CLANG_WARN_DEPRECATED_OBJC_IMPLEMENTATIONS = YES;
				CLANG_WARN_DIRECT_OBJC_ISA_USAGE = YES_ERROR;
				CLANG_WARN_DOCUMENTATION_COMMENTS = YES;
				CLANG_WARN_EMPTY_BODY = YES;
				CLANG_WARN_ENUM_CONVERSION = YES;
				CLANG_WARN_INFINITE_RECURSION = YES;
				CLANG_WARN_INT_CONVERSION = YES;
				CLANG_WARN_NON_LITERAL_NULL_CONVERSION = YES;
				CLANG_WARN_OBJC_IMPLICIT_RETAIN_SELF = YES;
				CLANG_WARN_OBJC_LITERAL_CONVERSION = YES;
				CLANG_WARN_OBJC_ROOT_CLASS = YES_ERROR;
				CLANG_WARN_QUOTED_INCLUDE_IN_FRAMEWORK_HEADER = YES;
				CLANG_WARN_RANGE_LOOP_ANALYSIS = YES;
				CLANG_WARN_STRICT_PROTOTYPES = YES;
				CLANG_WARN_SUSPICIOUS_MOVE = YES;
				CLANG_WARN_UNGUARDED_AVAILABILITY = YES_AGGRESSIVE;
				CLANG_WARN_UNREACHABLE_CODE = YES;
				CLANG_WARN__DUPLICATE_METHOD_MATCH = YES;
				COPY_PHASE_STRIP = NO;
				DEBUG_INFORMATION_FORMAT = dwarf;
				ENABLE_STRICT_OBJC_MSGSEND = YES;
				ENABLE_TESTABILITY = YES;
				ENABLE_USER_SCRIPT_SANDBOXING = YES;
				GCC_C_LANGUAGE_STANDARD = gnu17;
				GCC_DYNAMIC_NO_PIC = NO;
				GCC_NO_COMMON_BLOCKS = YES;
				GCC_OPTIMIZATION_LEVEL = 0;
				GCC_PREPROCESSOR_DEFINITIONS = (
					"DEBUG=1",
					"$(inherited)",
				);
				GCC_WARN_64_TO_32_BIT_CONVERSION = YES;
				GCC_WARN_ABOUT_RETURN_TYPE = YES_ERROR;
				GCC_WARN_UNDECLARED_SELECTOR = YES;
				GCC_WARN_UNINITIALIZED_AUTOS = YES_AGGRESSIVE;
				GCC_WARN_UNUSED_FUNCTION = YES;
				GCC_WARN_UNUSED_VARIABLE = YES;
				IPHONEOS_DEPLOYMENT_TARGET = 17.4;
				LOCALIZATION_PREFERS_STRING_CATALOGS = YES;
				MTL_ENABLE_DEBUG_INFO = INCLUDE_SOURCE;
				MTL_FAST_MATH = YES;
				ONLY_ACTIVE_ARCH = YES;
				SDKROOT = iphoneos;
				SWIFT_ACTIVE_COMPILATION_CONDITIONS = "DEBUG $(inherited)";
				SWIFT_OPTIMIZATION_LEVEL = "-Onone";
			};
			name = Debug;
		};
		A8A922022BC45DB7009AC208 /* Release */ = {
			isa = XCBuildConfiguration;
			buildSettings = {
				ALWAYS_SEARCH_USER_PATHS = NO;
				ASSETCATALOG_COMPILER_GENERATE_SWIFT_ASSET_SYMBOL_EXTENSIONS = YES;
				CLANG_ANALYZER_NONNULL = YES;
				CLANG_ANALYZER_NUMBER_OBJECT_CONVERSION = YES_AGGRESSIVE;
				CLANG_CXX_LANGUAGE_STANDARD = "gnu++20";
				CLANG_ENABLE_MODULES = YES;
				CLANG_ENABLE_OBJC_ARC = YES;
				CLANG_ENABLE_OBJC_WEAK = YES;
				CLANG_WARN_BLOCK_CAPTURE_AUTORELEASING = YES;
				CLANG_WARN_BOOL_CONVERSION = YES;
				CLANG_WARN_COMMA = YES;
				CLANG_WARN_CONSTANT_CONVERSION = YES;
				CLANG_WARN_DEPRECATED_OBJC_IMPLEMENTATIONS = YES;
				CLANG_WARN_DIRECT_OBJC_ISA_USAGE = YES_ERROR;
				CLANG_WARN_DOCUMENTATION_COMMENTS = YES;
				CLANG_WARN_EMPTY_BODY = YES;
				CLANG_WARN_ENUM_CONVERSION = YES;
				CLANG_WARN_INFINITE_RECURSION = YES;
				CLANG_WARN_INT_CONVERSION = YES;
				CLANG_WARN_NON_LITERAL_NULL_CONVERSION = YES;
				CLANG_WARN_OBJC_IMPLICIT_RETAIN_SELF = YES;
				CLANG_WARN_OBJC_LITERAL_CONVERSION = YES;
				CLANG_WARN_OBJC_ROOT_CLASS = YES_ERROR;
				CLANG_WARN_QUOTED_INCLUDE_IN_FRAMEWORK_HEADER = YES;
				CLANG_WARN_RANGE_LOOP_ANALYSIS = YES;
				CLANG_WARN_STRICT_PROTOTYPES = YES;
				CLANG_WARN_SUSPICIOUS_MOVE = YES;
				CLANG_WARN_UNGUARDED_AVAILABILITY = YES_AGGRESSIVE;
				CLANG_WARN_UNREACHABLE_CODE = YES;
				CLANG_WARN__DUPLICATE_METHOD_MATCH = YES;
				COPY_PHASE_STRIP = NO;
				DEBUG_INFORMATION_FORMAT = "dwarf-with-dsym";
				ENABLE_NS_ASSERTIONS = NO;
				ENABLE_STRICT_OBJC_MSGSEND = YES;
				ENABLE_USER_SCRIPT_SANDBOXING = YES;
				GCC_C_LANGUAGE_STANDARD = gnu17;
				GCC_NO_COMMON_BLOCKS = YES;
				GCC_WARN_64_TO_32_BIT_CONVERSION = YES;
				GCC_WARN_ABOUT_RETURN_TYPE = YES_ERROR;
				GCC_WARN_UNDECLARED_SELECTOR = YES;
				GCC_WARN_UNINITIALIZED_AUTOS = YES_AGGRESSIVE;
				GCC_WARN_UNUSED_FUNCTION = YES;
				GCC_WARN_UNUSED_VARIABLE = YES;
				IPHONEOS_DEPLOYMENT_TARGET = 17.4;
				LOCALIZATION_PREFERS_STRING_CATALOGS = YES;
				MTL_ENABLE_DEBUG_INFO = NO;
				MTL_FAST_MATH = YES;
				SDKROOT = iphoneos;
				SWIFT_COMPILATION_MODE = wholemodule;
				VALIDATE_PRODUCT = YES;
			};
			name = Release;
		};
		A8A922042BC45DB7009AC208 /* Debug */ = {
			isa = XCBuildConfiguration;
			buildSettings = {
				ASSETCATALOG_COMPILER_APPICON_NAME = AppIcon;
				ASSETCATALOG_COMPILER_GLOBAL_ACCENT_COLOR_NAME = AccentColor;
				CODE_SIGN_STYLE = Automatic;
				CURRENT_PROJECT_VERSION = 1;
				DEVELOPMENT_ASSET_PATHS = "\"Airbnb/Preview Content\"";
				DEVELOPMENT_TEAM = 6C2K9RV82H;
				ENABLE_PREVIEWS = YES;
				GENERATE_INFOPLIST_FILE = YES;
				INFOPLIST_KEY_UIApplicationSceneManifest_Generation = YES;
				INFOPLIST_KEY_UIApplicationSupportsIndirectInputEvents = YES;
				INFOPLIST_KEY_UILaunchScreen_Generation = YES;
				INFOPLIST_KEY_UISupportedInterfaceOrientations_iPad = "UIInterfaceOrientationPortrait UIInterfaceOrientationPortraitUpsideDown UIInterfaceOrientationLandscapeLeft UIInterfaceOrientationLandscapeRight";
				INFOPLIST_KEY_UISupportedInterfaceOrientations_iPhone = "UIInterfaceOrientationPortrait UIInterfaceOrientationLandscapeLeft UIInterfaceOrientationLandscapeRight";
				LD_RUNPATH_SEARCH_PATHS = (
					"$(inherited)",
					"@executable_path/Frameworks",
				);
				MARKETING_VERSION = 1.0;
				PRODUCT_BUNDLE_IDENTIFIER = swampholyten.Airbnb;
				PRODUCT_NAME = "$(TARGET_NAME)";
				SWIFT_EMIT_LOC_STRINGS = YES;
				SWIFT_VERSION = 5.0;
				TARGETED_DEVICE_FAMILY = "1,2";
			};
			name = Debug;
		};
		A8A922052BC45DB7009AC208 /* Release */ = {
			isa = XCBuildConfiguration;
			buildSettings = {
				ASSETCATALOG_COMPILER_APPICON_NAME = AppIcon;
				ASSETCATALOG_COMPILER_GLOBAL_ACCENT_COLOR_NAME = AccentColor;
				CODE_SIGN_STYLE = Automatic;
				CURRENT_PROJECT_VERSION = 1;
				DEVELOPMENT_ASSET_PATHS = "\"Airbnb/Preview Content\"";
				DEVELOPMENT_TEAM = 6C2K9RV82H;
				ENABLE_PREVIEWS = YES;
				GENERATE_INFOPLIST_FILE = YES;
				INFOPLIST_KEY_UIApplicationSceneManifest_Generation = YES;
				INFOPLIST_KEY_UIApplicationSupportsIndirectInputEvents = YES;
				INFOPLIST_KEY_UILaunchScreen_Generation = YES;
				INFOPLIST_KEY_UISupportedInterfaceOrientations_iPad = "UIInterfaceOrientationPortrait UIInterfaceOrientationPortraitUpsideDown UIInterfaceOrientationLandscapeLeft UIInterfaceOrientationLandscapeRight";
				INFOPLIST_KEY_UISupportedInterfaceOrientations_iPhone = "UIInterfaceOrientationPortrait UIInterfaceOrientationLandscapeLeft UIInterfaceOrientationLandscapeRight";
				LD_RUNPATH_SEARCH_PATHS = (
					"$(inherited)",
					"@executable_path/Frameworks",
				);
				MARKETING_VERSION = 1.0;
				PRODUCT_BUNDLE_IDENTIFIER = swampholyten.Airbnb;
				PRODUCT_NAME = "$(TARGET_NAME)";
				SWIFT_EMIT_LOC_STRINGS = YES;
				SWIFT_VERSION = 5.0;
				TARGETED_DEVICE_FAMILY = "1,2";
			};
			name = Release;
		};
/* End XCBuildConfiguration section */

/* Begin XCConfigurationList section */
		A8A921F02BC45DB4009AC208 /* Build configuration list for PBXProject "Airbnb" */ = {
			isa = XCConfigurationList;
			buildConfigurations = (
				A8A922012BC45DB7009AC208 /* Debug */,
				A8A922022BC45DB7009AC208 /* Release */,
			);
			defaultConfigurationIsVisible = 0;
			defaultConfigurationName = Release;
		};
		A8A922032BC45DB7009AC208 /* Build configuration list for PBXNativeTarget "Airbnb" */ = {
			isa = XCConfigurationList;
			buildConfigurations = (
				A8A922042BC45DB7009AC208 /* Debug */,
				A8A922052BC45DB7009AC208 /* Release */,
			);
			defaultConfigurationIsVisible = 0;
			defaultConfigurationName = Release;
		};
/* End XCConfigurationList section */
	};
	rootObject = A8A921ED2BC45DB4009AC208 /* Project object */;
}
